// !$*UTF8*$!
{
	archiveVersion = 1;
	classes = {
	};
	objectVersion = 46;
	objects = {

/* Begin PBXBuildFile section */
		ED3A89EE1836A26B0019DD9D /* Foundation.framework in Frameworks */ = {isa = PBXBuildFile; fileRef = ED3A89ED1836A26B0019DD9D /* Foundation.framework */; };
		ED3A89F01836A26B0019DD9D /* CoreGraphics.framework in Frameworks */ = {isa = PBXBuildFile; fileRef = ED3A89EF1836A26B0019DD9D /* CoreGraphics.framework */; };
		ED3A89F21836A26B0019DD9D /* UIKit.framework in Frameworks */ = {isa = PBXBuildFile; fileRef = ED3A89F11836A26B0019DD9D /* UIKit.framework */; };
		ED3A89F81836A26B0019DD9D /* InfoPlist.strings in Resources */ = {isa = PBXBuildFile; fileRef = ED3A89F61836A26B0019DD9D /* InfoPlist.strings */; };
		ED3A89FA1836A26B0019DD9D /* main.m in Sources */ = {isa = PBXBuildFile; fileRef = ED3A89F91836A26B0019DD9D /* main.m */; };
		ED3A89FE1836A26B0019DD9D /* AppDelegate.m in Sources */ = {isa = PBXBuildFile; fileRef = ED3A89FD1836A26B0019DD9D /* AppDelegate.m */; };
		ED3A8A011836A26B0019DD9D /* Main.storyboard in Resources */ = {isa = PBXBuildFile; fileRef = ED3A89FF1836A26B0019DD9D /* Main.storyboard */; };
		ED3A8A041836A26B0019DD9D /* ViewController.m in Sources */ = {isa = PBXBuildFile; fileRef = ED3A8A031836A26B0019DD9D /* ViewController.m */; };
		ED3A8A061836A26B0019DD9D /* Images.xcassets in Resources */ = {isa = PBXBuildFile; fileRef = ED3A8A051836A26B0019DD9D /* Images.xcassets */; };
		ED3A8A0D1836A26B0019DD9D /* XCTest.framework in Frameworks */ = {isa = PBXBuildFile; fileRef = ED3A8A0C1836A26B0019DD9D /* XCTest.framework */; };
		ED3A8A0E1836A26B0019DD9D /* Foundation.framework in Frameworks */ = {isa = PBXBuildFile; fileRef = ED3A89ED1836A26B0019DD9D /* Foundation.framework */; };
		ED3A8A0F1836A26B0019DD9D /* UIKit.framework in Frameworks */ = {isa = PBXBuildFile; fileRef = ED3A89F11836A26B0019DD9D /* UIKit.framework */; };
		ED3A8A171836A26B0019DD9D /* InfoPlist.strings in Resources */ = {isa = PBXBuildFile; fileRef = ED3A8A151836A26B0019DD9D /* InfoPlist.strings */; };
		ED3A8A191836A26B0019DD9D /* RecipePhotoTests.m in Sources */ = {isa = PBXBuildFile; fileRef = ED3A8A181836A26B0019DD9D /* RecipePhotoTests.m */; };
/* End PBXBuildFile section */

/* Begin PBXContainerItemProxy section */
		ED3A8A101836A26B0019DD9D /* PBXContainerItemProxy */ = {
			isa = PBXContainerItemProxy;
			containerPortal = ED3A89E21836A26B0019DD9D /* Project object */;
			proxyType = 1;
			remoteGlobalIDString = ED3A89E91836A26B0019DD9D;
			remoteInfo = RecipePhoto;
		};
/* End PBXContainerItemProxy section */

/* Begin PBXFileReference section */
		ED3A89EA1836A26B0019DD9D /* RecipePhoto.app */ = {isa = PBXFileReference; explicitFileType = wrapper.application; includeInIndex = 0; path = RecipePhoto.app; sourceTree = BUILT_PRODUCTS_DIR; };
		ED3A89ED1836A26B0019DD9D /* Foundation.framework */ = {isa = PBXFileReference; lastKnownFileType = wrapper.framework; name = Foundation.framework; path = System/Library/Frameworks/Foundation.framework; sourceTree = SDKROOT; };
		ED3A89EF1836A26B0019DD9D /* CoreGraphics.framework */ = {isa = PBXFileReference; lastKnownFileType = wrapper.framework; name = CoreGraphics.framework; path = System/Library/Frameworks/CoreGraphics.framework; sourceTree = SDKROOT; };
		ED3A89F11836A26B0019DD9D /* UIKit.framework */ = {isa = PBXFileReference; lastKnownFileType = wrapper.framework; name = UIKit.framework; path = System/Library/Frameworks/UIKit.framework; sourceTree = SDKROOT; };
		ED3A89F51836A26B0019DD9D /* RecipePhoto-Info.plist */ = {isa = PBXFileReference; lastKnownFileType = text.plist.xml; path = "RecipePhoto-Info.plist"; sourceTree = "<group>"; };
		ED3A89F71836A26B0019DD9D /* en */ = {isa = PBXFileReference; lastKnownFileType = text.plist.strings; name = en; path = en.lproj/InfoPlist.strings; sourceTree = "<group>"; };
		ED3A89F91836A26B0019DD9D /* main.m */ = {isa = PBXFileReference; lastKnownFileType = sourcecode.c.objc; path = main.m; sourceTree = "<group>"; };
		ED3A89FB1836A26B0019DD9D /* RecipePhoto-Prefix.pch */ = {isa = PBXFileReference; lastKnownFileType = sourcecode.c.h; path = "RecipePhoto-Prefix.pch"; sourceTree = "<group>"; };
		ED3A89FC1836A26B0019DD9D /* AppDelegate.h */ = {isa = PBXFileReference; lastKnownFileType = sourcecode.c.h; path = AppDelegate.h; sourceTree = "<group>"; };
		ED3A89FD1836A26B0019DD9D /* AppDelegate.m */ = {isa = PBXFileReference; lastKnownFileType = sourcecode.c.objc; path = AppDelegate.m; sourceTree = "<group>"; };
		ED3A8A001836A26B0019DD9D /* Base */ = {isa = PBXFileReference; lastKnownFileType = file.storyboard; name = Base; path = Base.lproj/Main.storyboard; sourceTree = "<group>"; };
		ED3A8A021836A26B0019DD9D /* ViewController.h */ = {isa = PBXFileReference; lastKnownFileType = sourcecode.c.h; path = ViewController.h; sourceTree = "<group>"; };
		ED3A8A031836A26B0019DD9D /* ViewController.m */ = {isa = PBXFileReference; lastKnownFileType = sourcecode.c.objc; path = ViewController.m; sourceTree = "<group>"; };
		ED3A8A051836A26B0019DD9D /* Images.xcassets */ = {isa = PBXFileReference; lastKnownFileType = folder.assetcatalog; path = Images.xcassets; sourceTree = "<group>"; };
		ED3A8A0B1836A26B0019DD9D /* RecipePhotoTests.xctest */ = {isa = PBXFileReference; explicitFileType = wrapper.cfbundle; includeInIndex = 0; path = RecipePhotoTests.xctest; sourceTree = BUILT_PRODUCTS_DIR; };
		ED3A8A0C1836A26B0019DD9D /* XCTest.framework */ = {isa = PBXFileReference; lastKnownFileType = wrapper.framework; name = XCTest.framework; path = Library/Frameworks/XCTest.framework; sourceTree = DEVELOPER_DIR; };
		ED3A8A141836A26B0019DD9D /* RecipePhotoTests-Info.plist */ = {isa = PBXFileReference; lastKnownFileType = text.plist.xml; path = "RecipePhotoTests-Info.plist"; sourceTree = "<group>"; };
		ED3A8A161836A26B0019DD9D /* en */ = {isa = PBXFileReference; lastKnownFileType = text.plist.strings; name = en; path = en.lproj/InfoPlist.strings; sourceTree = "<group>"; };
		ED3A8A181836A26B0019DD9D /* RecipePhotoTests.m */ = {isa = PBXFileReference; lastKnownFileType = sourcecode.c.objc; path = RecipePhotoTests.m; sourceTree = "<group>"; };
/* End PBXFileReference section */

/* Begin PBXFrameworksBuildPhase section */
		ED3A89E71836A26B0019DD9D /* Frameworks */ = {
			isa = PBXFrameworksBuildPhase;
			buildActionMask = 2147483647;
			files = (
				ED3A89F01836A26B0019DD9D /* CoreGraphics.framework in Frameworks */,
				ED3A89F21836A26B0019DD9D /* UIKit.framework in Frameworks */,
				ED3A89EE1836A26B0019DD9D /* Foundation.framework in Frameworks */,
			);
			runOnlyForDeploymentPostprocessing = 0;
		};
		ED3A8A081836A26B0019DD9D /* Frameworks */ = {
			isa = PBXFrameworksBuildPhase;
			buildActionMask = 2147483647;
			files = (
				ED3A8A0D1836A26B0019DD9D /* XCTest.framework in Frameworks */,
				ED3A8A0F1836A26B0019DD9D /* UIKit.framework in Frameworks */,
				ED3A8A0E1836A26B0019DD9D /* Foundation.framework in Frameworks */,
			);
			runOnlyForDeploymentPostprocessing = 0;
		};
/* End PBXFrameworksBuildPhase section */

/* Begin PBXGroup section */
		ED3A89E11836A26B0019DD9D = {
			isa = PBXGroup;
			children = (
				ED3A89F31836A26B0019DD9D /* RecipePhoto */,
				ED3A8A121836A26B0019DD9D /* RecipePhotoTests */,
				ED3A89EC1836A26B0019DD9D /* Frameworks */,
				ED3A89EB1836A26B0019DD9D /* Products */,
			);
			sourceTree = "<group>";
		};
		ED3A89EB1836A26B0019DD9D /* Products */ = {
			isa = PBXGroup;
			children = (
				ED3A89EA1836A26B0019DD9D /* RecipePhoto.app */,
				ED3A8A0B1836A26B0019DD9D /* RecipePhotoTests.xctest */,
			);
			name = Products;
			sourceTree = "<group>";
		};
		ED3A89EC1836A26B0019DD9D /* Frameworks */ = {
			isa = PBXGroup;
			children = (
				ED3A89ED1836A26B0019DD9D /* Foundation.framework */,
				ED3A89EF1836A26B0019DD9D /* CoreGraphics.framework */,
				ED3A89F11836A26B0019DD9D /* UIKit.framework */,
				ED3A8A0C1836A26B0019DD9D /* XCTest.framework */,
			);
			name = Frameworks;
			sourceTree = "<group>";
		};
		ED3A89F31836A26B0019DD9D /* RecipePhoto */ = {
			isa = PBXGroup;
			children = (
				ED3A89FC1836A26B0019DD9D /* AppDelegate.h */,
				ED3A89FD1836A26B0019DD9D /* AppDelegate.m */,
				ED3A89FF1836A26B0019DD9D /* Main.storyboard */,
				ED3A8A021836A26B0019DD9D /* ViewController.h */,
				ED3A8A031836A26B0019DD9D /* ViewController.m */,
				ED3A8A051836A26B0019DD9D /* Images.xcassets */,
				ED3A89F41836A26B0019DD9D /* Supporting Files */,
			);
			path = RecipePhoto;
			sourceTree = "<group>";
		};
		ED3A89F41836A26B0019DD9D /* Supporting Files */ = {
			isa = PBXGroup;
			children = (
				ED3A89F51836A26B0019DD9D /* RecipePhoto-Info.plist */,
				ED3A89F61836A26B0019DD9D /* InfoPlist.strings */,
				ED3A89F91836A26B0019DD9D /* main.m */,
				ED3A89FB1836A26B0019DD9D /* RecipePhoto-Prefix.pch */,
			);
			name = "Supporting Files";
			sourceTree = "<group>";
		};
		ED3A8A121836A26B0019DD9D /* RecipePhotoTests */ = {
			isa = PBXGroup;
			children = (
				ED3A8A181836A26B0019DD9D /* RecipePhotoTests.m */,
				ED3A8A131836A26B0019DD9D /* Supporting Files */,
			);
			path = RecipePhotoTests;
			sourceTree = "<group>";
		};
		ED3A8A131836A26B0019DD9D /* Supporting Files */ = {
			isa = PBXGroup;
			children = (
				ED3A8A141836A26B0019DD9D /* RecipePhotoTests-Info.plist */,
				ED3A8A151836A26B0019DD9D /* InfoPlist.strings */,
			);
			name = "Supporting Files";
			sourceTree = "<group>";
		};
/* End PBXGroup section */

/* Begin PBXNativeTarget section */
		ED3A89E91836A26B0019DD9D /* RecipePhoto */ = {
			isa = PBXNativeTarget;
			buildConfigurationList = ED3A8A1C1836A26B0019DD9D /* Build configuration list for PBXNativeTarget "RecipePhoto" */;
			buildPhases = (
				ED3A89E61836A26B0019DD9D /* Sources */,
				ED3A89E71836A26B0019DD9D /* Frameworks */,
				ED3A89E81836A26B0019DD9D /* Resources */,
			);
			buildRules = (
			);
			dependencies = (
			);
			name = RecipePhoto;
			productName = RecipePhoto;
			productReference = ED3A89EA1836A26B0019DD9D /* RecipePhoto.app */;
			productType = "com.apple.product-type.application";
		};
		ED3A8A0A1836A26B0019DD9D /* RecipePhotoTests */ = {
			isa = PBXNativeTarget;
			buildConfigurationList = ED3A8A1F1836A26B0019DD9D /* Build configuration list for PBXNativeTarget "RecipePhotoTests" */;
			buildPhases = (
				ED3A8A071836A26B0019DD9D /* Sources */,
				ED3A8A081836A26B0019DD9D /* Frameworks */,
				ED3A8A091836A26B0019DD9D /* Resources */,
			);
			buildRules = (
			);
			dependencies = (
				ED3A8A111836A26B0019DD9D /* PBXTargetDependency */,
			);
			name = RecipePhotoTests;
			productName = RecipePhotoTests;
			productReference = ED3A8A0B1836A26B0019DD9D /* RecipePhotoTests.xctest */;
			productType = "com.apple.product-type.bundle.unit-test";
		};
/* End PBXNativeTarget section */

/* Begin PBXProject section */
		ED3A89E21836A26B0019DD9D /* Project object */ = {
			isa = PBXProject;
			attributes = {
				LastUpgradeCheck = 0500;
				ORGANIZATIONNAME = "Don Browning";
				TargetAttributes = {
					ED3A8A0A1836A26B0019DD9D = {
						TestTargetID = ED3A89E91836A26B0019DD9D;
					};
				};
			};
			buildConfigurationList = ED3A89E51836A26B0019DD9D /* Build configuration list for PBXProject "RecipePhoto" */;
			compatibilityVersion = "Xcode 3.2";
			developmentRegion = English;
			hasScannedForEncodings = 0;
			knownRegions = (
				en,
				Base,
			);
			mainGroup = ED3A89E11836A26B0019DD9D;
			productRefGroup = ED3A89EB1836A26B0019DD9D /* Products */;
			projectDirPath = "";
			projectRoot = "";
			targets = (
				ED3A89E91836A26B0019DD9D /* RecipePhoto */,
				ED3A8A0A1836A26B0019DD9D /* RecipePhotoTests */,
			);
		};
/* End PBXProject section */

/* Begin PBXResourcesBuildPhase section */
		ED3A89E81836A26B0019DD9D /* Resources */ = {
			isa = PBXResourcesBuildPhase;
			buildActionMask = 2147483647;
			files = (
				ED3A8A061836A26B0019DD9D /* Images.xcassets in Resources */,
				ED3A89F81836A26B0019DD9D /* InfoPlist.strings in Resources */,
				ED3A8A011836A26B0019DD9D /* Main.storyboard in Resources */,
			);
			runOnlyForDeploymentPostprocessing = 0;
		};
		ED3A8A091836A26B0019DD9D /* Resources */ = {
			isa = PBXResourcesBuildPhase;
			buildActionMask = 2147483647;
			files = (
				ED3A8A171836A26B0019DD9D /* InfoPlist.strings in Resources */,
			);
			runOnlyForDeploymentPostprocessing = 0;
		};
/* End PBXResourcesBuildPhase section */

/* Begin PBXSourcesBuildPhase section */
		ED3A89E61836A26B0019DD9D /* Sources */ = {
			isa = PBXSourcesBuildPhase;
			buildActionMask = 2147483647;
			files = (
				ED3A8A041836A26B0019DD9D /* ViewController.m in Sources */,
				ED3A89FE1836A26B0019DD9D /* AppDelegate.m in Sources */,
				ED3A89FA1836A26B0019DD9D /* main.m in Sources */,
			);
			runOnlyForDeploymentPostprocessing = 0;
		};
		ED3A8A071836A26B0019DD9D /* Sources */ = {
			isa = PBXSourcesBuildPhase;
			buildActionMask = 2147483647;
			files = (
				ED3A8A191836A26B0019DD9D /* RecipePhotoTests.m in Sources */,
			);
			runOnlyForDeploymentPostprocessing = 0;
		};
/* End PBXSourcesBuildPhase section */

/* Begin PBXTargetDependency section */
		ED3A8A111836A26B0019DD9D /* PBXTargetDependency */ = {
			isa = PBXTargetDependency;
			target = ED3A89E91836A26B0019DD9D /* RecipePhoto */;
			targetProxy = ED3A8A101836A26B0019DD9D /* PBXContainerItemProxy */;
		};
/* End PBXTargetDependency section */

/* Begin PBXVariantGroup section */
		ED3A89F61836A26B0019DD9D /* InfoPlist.strings */ = {
			isa = PBXVariantGroup;
			children = (
				ED3A89F71836A26B0019DD9D /* en */,
			);
			name = InfoPlist.strings;
			sourceTree = "<group>";
		};
		ED3A89FF1836A26B0019DD9D /* Main.storyboard */ = {
			isa = PBXVariantGroup;
			children = (
				ED3A8A001836A26B0019DD9D /* Base */,
			);
			name = Main.storyboard;
			sourceTree = "<group>";
		};
		ED3A8A151836A26B0019DD9D /* InfoPlist.strings */ = {
			isa = PBXVariantGroup;
			children = (
				ED3A8A161836A26B0019DD9D /* en */,
			);
			name = InfoPlist.strings;
			sourceTree = "<group>";
		};
/* End PBXVariantGroup section */

/* Begin XCBuildConfiguration section */
		ED3A8A1A1836A26B0019DD9D /* Debug */ = {
			isa = XCBuildConfiguration;
			buildSettings = {
				ALWAYS_SEARCH_USER_PATHS = NO;
				ARCHS = "$(ARCHS_STANDARD_INCLUDING_64_BIT)";
				CLANG_CXX_LANGUAGE_STANDARD = "gnu++0x";
				CLANG_CXX_LIBRARY = "libc++";
				CLANG_ENABLE_MODULES = YES;
				CLANG_ENABLE_OBJC_ARC = YES;
				CLANG_WARN_BOOL_CONVERSION = YES;
				CLANG_WARN_CONSTANT_CONVERSION = YES;
				CLANG_WARN_DIRECT_OBJC_ISA_USAGE = YES_ERROR;
				CLANG_WARN_EMPTY_BODY = YES;
				CLANG_WARN_ENUM_CONVERSION = YES;
				CLANG_WARN_INT_CONVERSION = YES;
				CLANG_WARN_OBJC_ROOT_CLASS = YES_ERROR;
				CLANG_WARN__DUPLICATE_METHOD_MATCH = YES;
				"CODE_SIGN_IDENTITY[sdk=iphoneos*]" = "iPhone Developer";
				COPY_PHASE_STRIP = NO;
				GCC_C_LANGUAGE_STANDARD = gnu99;
				GCC_DYNAMIC_NO_PIC = NO;
				GCC_OPTIMIZATION_LEVEL = 0;
				GCC_PREPROCESSOR_DEFINITIONS = (
					"DEBUG=1",
					"$(inherited)",
				);
				GCC_SYMBOLS_PRIVATE_EXTERN = NO;
				GCC_WARN_64_TO_32_BIT_CONVERSION = YES;
				GCC_WARN_ABOUT_RETURN_TYPE = YES_ERROR;
				GCC_WARN_UNDECLARED_SELECTOR = YES;
				GCC_WARN_UNINITIALIZED_AUTOS = YES;
				GCC_WARN_UNUSED_FUNCTION = YES;
				GCC_WARN_UNUSED_VARIABLE = YES;
				IPHONEOS_DEPLOYMENT_TARGET = 7.0;
				ONLY_ACTIVE_ARCH = YES;
				SDKROOT = iphoneos;
			};
			name = Debug;
		};
		ED3A8A1B1836A26B0019DD9D /* Release */ = {
			isa = XCBuildConfiguration;
			buildSettings = {
				ALWAYS_SEARCH_USER_PATHS = NO;
				ARCHS = "$(ARCHS_STANDARD_INCLUDING_64_BIT)";
				CLANG_CXX_LANGUAGE_STANDARD = "gnu++0x";
				CLANG_CXX_LIBRARY = "libc++";
				CLANG_ENABLE_MODULES = YES;
				CLANG_ENABLE_OBJC_ARC = YES;
				CLANG_WARN_BOOL_CONVERSION = YES;
				CLANG_WARN_CONSTANT_CONVERSION = YES;
				CLANG_WARN_DIRECT_OBJC_ISA_USAGE = YES_ERROR;
				CLANG_WARN_EMPTY_BODY = YES;
				CLANG_WARN_ENUM_CONVERSION = YES;
				CLANG_WARN_INT_CONVERSION = YES;
				CLANG_WARN_OBJC_ROOT_CLASS = YES_ERROR;
				CLANG_WARN__DUPLICATE_METHOD_MATCH = YES;
				"CODE_SIGN_IDENTITY[sdk=iphoneos*]" = "iPhone Developer";
				COPY_PHASE_STRIP = YES;
				ENABLE_NS_ASSERTIONS = NO;
				GCC_C_LANGUAGE_STANDARD = gnu99;
				GCC_WARN_64_TO_32_BIT_CONVERSION = YES;
				GCC_WARN_ABOUT_RETURN_TYPE = YES_ERROR;
				GCC_WARN_UNDECLARED_SELECTOR = YES;
				GCC_WARN_UNINITIALIZED_AUTOS = YES;
				GCC_WARN_UNUSED_FUNCTION = YES;
				GCC_WARN_UNUSED_VARIABLE = YES;
				IPHONEOS_DEPLOYMENT_TARGET = 7.0;
				SDKROOT = iphoneos;
				VALIDATE_PRODUCT = YES;
			};
			name = Release;
		};
		ED3A8A1D1836A26B0019DD9D /* Debug */ = {
			isa = XCBuildConfiguration;
			buildSettings = {
				ASSETCATALOG_COMPILER_APPICON_NAME = AppIcon;
				ASSETCATALOG_COMPILER_LAUNCHIMAGE_NAME = LaunchImage;
				GCC_PRECOMPILE_PREFIX_HEADER = YES;
				GCC_PREFIX_HEADER = "RecipePhoto/RecipePhoto-Prefix.pch";
				INFOPLIST_FILE = "RecipePhoto/RecipePhoto-Info.plist";
				PRODUCT_NAME = "$(TARGET_NAME)";
				WRAPPER_EXTENSION = app;
			};
			name = Debug;
		};
		ED3A8A1E1836A26B0019DD9D /* Release */ = {
			isa = XCBuildConfiguration;
			buildSettings = {
				ASSETCATALOG_COMPILER_APPICON_NAME = AppIcon;
				ASSETCATALOG_COMPILER_LAUNCHIMAGE_NAME = LaunchImage;
				GCC_PRECOMPILE_PREFIX_HEADER = YES;
				GCC_PREFIX_HEADER = "RecipePhoto/RecipePhoto-Prefix.pch";
				INFOPLIST_FILE = "RecipePhoto/RecipePhoto-Info.plist";
				PRODUCT_NAME = "$(TARGET_NAME)";
				WRAPPER_EXTENSION = app;
			};
			name = Release;
		};
		ED3A8A201836A26B0019DD9D /* Debug */ = {
			isa = XCBuildConfiguration;
			buildSettings = {
				ARCHS = "$(ARCHS_STANDARD_INCLUDING_64_BIT)";
				BUNDLE_LOADER = "$(BUILT_PRODUCTS_DIR)/RecipePhoto.app/RecipePhoto";
				FRAMEWORK_SEARCH_PATHS = (
					"$(SDKROOT)/Developer/Library/Frameworks",
					"$(inherited)",
					"$(DEVELOPER_FRAMEWORKS_DIR)",
				);
				GCC_PRECOMPILE_PREFIX_HEADER = YES;
				GCC_PREFIX_HEADER = "RecipePhoto/RecipePhoto-Prefix.pch";
				GCC_PREPROCESSOR_DEFINITIONS = (
					"DEBUG=1",
					"$(inherited)",
				);
				INFOPLIST_FILE = "RecipePhotoTests/RecipePhotoTests-Info.plist";
				PRODUCT_NAME = "$(TARGET_NAME)";
				TEST_HOST = "$(BUNDLE_LOADER)";
				WRAPPER_EXTENSION = xctest;
			};
			name = Debug;
		};
		ED3A8A211836A26B0019DD9D /* Release */ = {
			isa = XCBuildConfiguration;
			buildSettings = {
				ARCHS = "$(ARCHS_STANDARD_INCLUDING_64_BIT)";
				BUNDLE_LOADER = "$(BUILT_PRODUCTS_DIR)/RecipePhoto.app/RecipePhoto";
				FRAMEWORK_SEARCH_PATHS = (
					"$(SDKROOT)/Developer/Library/Frameworks",
					"$(inherited)",
					"$(DEVELOPER_FRAMEWORKS_DIR)",
				);
				GCC_PRECOMPILE_PREFIX_HEADER = YES;
				GCC_PREFIX_HEADER = "RecipePhoto/RecipePhoto-Prefix.pch";
				INFOPLIST_FILE = "RecipePhotoTests/RecipePhotoTests-Info.plist";
				PRODUCT_NAME = "$(TARGET_NAME)";
				TEST_HOST = "$(BUNDLE_LOADER)";
				WRAPPER_EXTENSION = xctest;
			};
			name = Release;
		};
/* End XCBuildConfiguration section */

/* Begin XCConfigurationList section */
		ED3A89E51836A26B0019DD9D /* Build configuration list for PBXProject "RecipePhoto" */ = {
			isa = XCConfigurationList;
			buildConfigurations = (
				ED3A8A1A1836A26B0019DD9D /* Debug */,
				ED3A8A1B1836A26B0019DD9D /* Release */,
			);
			defaultConfigurationIsVisible = 0;
			defaultConfigurationName = Release;
		};
		ED3A8A1C1836A26B0019DD9D /* Build configuration list for PBXNativeTarget "RecipePhoto" */ = {
			isa = XCConfigurationList;
			buildConfigurations = (
				ED3A8A1D1836A26B0019DD9D /* Debug */,
				ED3A8A1E1836A26B0019DD9D /* Release */,
			);
			defaultConfigurationIsVisible = 0;
		};
		ED3A8A1F1836A26B0019DD9D /* Build configuration list for PBXNativeTarget "RecipePhotoTests" */ = {
			isa = XCConfigurationList;
			buildConfigurations = (
				ED3A8A201836A26B0019DD9D /* Debug */,
				ED3A8A211836A26B0019DD9D /* Release */,
			);
			defaultConfigurationIsVisible = 0;
		};
/* End XCConfigurationList section */
	};
	rootObject = ED3A89E21836A26B0019DD9D /* Project object */;
}
